
Microsoft Visual Studio Solution File, Format Version 12.00
# Visual Studio Version 17
VisualStudioVersion = 17.8.34511.84
MinimumVisualStudioVersion = 10.0.40219.1
Project("{FAE04EC0-301F-11D3-BF4B-00C04F79EFBC}") = "ConvertAndZip", "ConvertAndZip.csproj", "{5C9C686A-5DEA-4255-8D22-430A4D4AB796}"
EndProject
Global
	GlobalSection(SolutionConfigurationPlatforms) = preSolution
		Debug|Any CPU = Debug|Any CPU
		Release|Any CPU = Release|Any CPU
	EndGlobalSection
	GlobalSection(ProjectConfigurationPlatforms) = postSolution
		{5C9C686A-5DEA-4255-8D22-430A4D4AB796}.Debug|Any CPU.ActiveCfg = Debug|Any CPU
		{5C9C686A-5DEA-4255-8D22-430A4D4AB796}.Debug|Any CPU.Build.0 = Debug|Any CPU
		{5C9C686A-5DEA-4255-8D22-430A4D4AB796}.Release|Any CPU.ActiveCfg = Release|Any CPU
		{5C9C686A-5DEA-4255-8D22-430A4D4AB796}.Release|Any CPU.Build.0 = Release|Any CPU
	EndGlobalSection
	GlobalSection(SolutionProperties) = preSolution
		HideSolutionNode = FALSE
	EndGlobalSection
	GlobalSection(ExtensibilityGlobals) = postSolution
		SolutionGuid = {3BC8C812-E7CE-46D2-9E4D-460E941422E6}
	EndGlobalSection
EndGlobal
